{
  "name": "dependency-scan-demo",
  "version": "1.0.0",
  "lockfileVersion": 3,
  "requires": true,
  "packages": {
    "": {
      "name": "dependency-scan-demo",
      "version": "1.0.0",
      "dependencies": {
        "lodash": "4.17.20",
        "minimist": "1.2.5",
        "qs": "6.7.0",
        "express": "4.17.1"
      }
    },
    "node_modules/lodash": {
      "version": "4.17.20"
    },
    "node_modules/minimist": {
      "version": "1.2.5"
    },
    "node_modules/qs": {
      "version": "6.7.0"
    },
    "node_modules/express": {
      "version": "4.17.1"
    }
  }
}
